
Microsoft Visual Studio Solution File, Format Version 12.00
# Visual Studio Version 16
VisualStudioVersion = 16.0.28803.156
MinimumVisualStudioVersion = 10.0.40219.1
Project("{FAE04EC0-301F-11D3-BF4B-00C04F79EFBC}") = "SpaceVikingsGUI", "SpaceVikingsGUI\SpaceVikingsGUI.csproj", "{867525BC-F015-4271-BB36-806E16D9525D}"
EndProject
Project("{FAE04EC0-301F-11D3-BF4B-00C04F79EFBC}") = "SpaceVikingsGUI.Data", "SpaceVikingsGUI.Data\SpaceVikingsGUI.Data.csproj", "{E458C30A-36AA-402A-8D5B-74DB2FD5D640}"
EndProject
Project("{FAE04EC0-301F-11D3-BF4B-00C04F79EFBC}") = "SpaveVikingsGUI.test", "SpaveVikingsGUI.test\SpaveVikingsGUI.test.csproj", "{FA01E0E0-446C-4B22-A83A-24DD1A2BB602}"
EndProject
Global
	GlobalSection(SolutionConfigurationPlatforms) = preSolution
		Debug|Any CPU = Debug|Any CPU
		Release|Any CPU = Release|Any CPU
	EndGlobalSection
	GlobalSection(ProjectConfigurationPlatforms) = postSolution
		{867525BC-F015-4271-BB36-806E16D9525D}.Debug|Any CPU.ActiveCfg = Debug|Any CPU
		{867525BC-F015-4271-BB36-806E16D9525D}.Debug|Any CPU.Build.0 = Debug|Any CPU
		{867525BC-F015-4271-BB36-806E16D9525D}.Release|Any CPU.ActiveCfg = Release|Any CPU
		{867525BC-F015-4271-BB36-806E16D9525D}.Release|Any CPU.Build.0 = Release|Any CPU
		{E458C30A-36AA-402A-8D5B-74DB2FD5D640}.Debug|Any CPU.ActiveCfg = Debug|Any CPU
		{E458C30A-36AA-402A-8D5B-74DB2FD5D640}.Debug|Any CPU.Build.0 = Debug|Any CPU
		{E458C30A-36AA-402A-8D5B-74DB2FD5D640}.Release|Any CPU.ActiveCfg = Release|Any CPU
		{E458C30A-36AA-402A-8D5B-74DB2FD5D640}.Release|Any CPU.Build.0 = Release|Any CPU
		{FA01E0E0-446C-4B22-A83A-24DD1A2BB602}.Debug|Any CPU.ActiveCfg = Debug|Any CPU
		{FA01E0E0-446C-4B22-A83A-24DD1A2BB602}.Debug|Any CPU.Build.0 = Debug|Any CPU
		{FA01E0E0-446C-4B22-A83A-24DD1A2BB602}.Release|Any CPU.ActiveCfg = Release|Any CPU
		{FA01E0E0-446C-4B22-A83A-24DD1A2BB602}.Release|Any CPU.Build.0 = Release|Any CPU
	EndGlobalSection
	GlobalSection(SolutionProperties) = preSolution
		HideSolutionNode = FALSE
	EndGlobalSection
	GlobalSection(ExtensibilityGlobals) = postSolution
		SolutionGuid = {3A5945C3-D303-485D-9AD9-87503232B486}
	EndGlobalSection
EndGlobal
